
Microsoft Visual Studio Solution File, Format Version 12.00
# Visual Studio Version 17
VisualStudioVersion = 17.10.35027.167
MinimumVisualStudioVersion = 10.0.40219.1
Project("{FAE04EC0-301F-11D3-BF4B-00C04F79EFBC}") = "ProvaConceitoSignalR", "ProvaConceitoSignalR\ProvaConceitoSignalR.csproj", "{6AB4C88F-266F-480B-860E-152ED8EBD325}"
EndProject
Project("{E53339B2-1760-4266-BCC7-CA923CBCF16C}") = "docker-compose", "docker-compose.dcproj", "{3E04050F-4C5F-4C4E-A8D5-53EE5E754BD8}"
EndProject
Global
	GlobalSection(SolutionConfigurationPlatforms) = preSolution
		Debug|Any CPU = Debug|Any CPU
		Release|Any CPU = Release|Any CPU
	EndGlobalSection
	GlobalSection(ProjectConfigurationPlatforms) = postSolution
		{6AB4C88F-266F-480B-860E-152ED8EBD325}.Debug|Any CPU.ActiveCfg = Debug|Any CPU
		{6AB4C88F-266F-480B-860E-152ED8EBD325}.Debug|Any CPU.Build.0 = Debug|Any CPU
		{6AB4C88F-266F-480B-860E-152ED8EBD325}.Release|Any CPU.ActiveCfg = Release|Any CPU
		{6AB4C88F-266F-480B-860E-152ED8EBD325}.Release|Any CPU.Build.0 = Release|Any CPU
		{3E04050F-4C5F-4C4E-A8D5-53EE5E754BD8}.Debug|Any CPU.ActiveCfg = Debug|Any CPU
		{3E04050F-4C5F-4C4E-A8D5-53EE5E754BD8}.Debug|Any CPU.Build.0 = Debug|Any CPU
		{3E04050F-4C5F-4C4E-A8D5-53EE5E754BD8}.Release|Any CPU.ActiveCfg = Release|Any CPU
		{3E04050F-4C5F-4C4E-A8D5-53EE5E754BD8}.Release|Any CPU.Build.0 = Release|Any CPU
	EndGlobalSection
	GlobalSection(SolutionProperties) = preSolution
		HideSolutionNode = FALSE
	EndGlobalSection
	GlobalSection(ExtensibilityGlobals) = postSolution
		SolutionGuid = {4F866F02-35FC-4BBE-AAE8-818A58BFB27F}
	EndGlobalSection
EndGlobal
