
Microsoft Visual Studio Solution File, Format Version 12.00
# Visual Studio Version 17
VisualStudioVersion = 17.10.35027.167
MinimumVisualStudioVersion = 10.0.40219.1
Project("{FAE04EC0-301F-11D3-BF4B-00C04F79EFBC}") = "SignalrProject", "SignalrProject.csproj", "{0DB11AC4-308E-4F01-BF7F-87381ACB1EA3}"
EndProject
Global
	GlobalSection(SolutionConfigurationPlatforms) = preSolution
		Debug|Any CPU = Debug|Any CPU
		Release|Any CPU = Release|Any CPU
	EndGlobalSection
	GlobalSection(ProjectConfigurationPlatforms) = postSolution
		{0DB11AC4-308E-4F01-BF7F-87381ACB1EA3}.Debug|Any CPU.ActiveCfg = Debug|Any CPU
		{0DB11AC4-308E-4F01-BF7F-87381ACB1EA3}.Debug|Any CPU.Build.0 = Debug|Any CPU
		{0DB11AC4-308E-4F01-BF7F-87381ACB1EA3}.Release|Any CPU.ActiveCfg = Release|Any CPU
		{0DB11AC4-308E-4F01-BF7F-87381ACB1EA3}.Release|Any CPU.Build.0 = Release|Any CPU
	EndGlobalSection
	GlobalSection(SolutionProperties) = preSolution
		HideSolutionNode = FALSE
	EndGlobalSection
	GlobalSection(ExtensibilityGlobals) = postSolution
		SolutionGuid = {7FD3FD7E-45C3-4E61-8E0A-478192290FD3}
	EndGlobalSection
EndGlobal
